
Microsoft Visual Studio Solution File, Format Version 12.00
# Visual Studio Version 17
VisualStudioVersion = 17.11.35327.3
MinimumVisualStudioVersion = 10.0.40219.1
Project("{FAE04EC0-301F-11D3-BF4B-00C04F79EFBC}") = "A_232410101058_utsbo", "A_232410101058_utsbo\A_232410101058_utsbo.csproj", "{90AD787C-8CAD-4711-B995-E90E9B25D702}"
EndProject
Global
	GlobalSection(SolutionConfigurationPlatforms) = preSolution
		Debug|Any CPU = Debug|Any CPU
		Release|Any CPU = Release|Any CPU
	EndGlobalSection
	GlobalSection(ProjectConfigurationPlatforms) = postSolution
		{90AD787C-8CAD-4711-B995-E90E9B25D702}.Debug|Any CPU.ActiveCfg = Debug|Any CPU
		{90AD787C-8CAD-4711-B995-E90E9B25D702}.Debug|Any CPU.Build.0 = Debug|Any CPU
		{90AD787C-8CAD-4711-B995-E90E9B25D702}.Release|Any CPU.ActiveCfg = Release|Any CPU
		{90AD787C-8CAD-4711-B995-E90E9B25D702}.Release|Any CPU.Build.0 = Release|Any CPU
	EndGlobalSection
	GlobalSection(SolutionProperties) = preSolution
		HideSolutionNode = FALSE
	EndGlobalSection
	GlobalSection(ExtensibilityGlobals) = postSolution
		SolutionGuid = {ED7C7DBA-84A0-42D2-9CFF-4F9986F1481C}
	EndGlobalSection
EndGlobal
